
Microsoft Visual Studio Solution File, Format Version 12.00
# Visual Studio Version 17
VisualStudioVersion = 17.4.33213.308
MinimumVisualStudioVersion = 10.0.40219.1
Project("{FAE04EC0-301F-11D3-BF4B-00C04F79EFBC}") = "Poc", "ConsoleApp1\Poc.csproj", "{DD6F5EFB-F25C-47A1-9A32-D8F127C9BB08}"
EndProject
Global
	GlobalSection(SolutionConfigurationPlatforms) = preSolution
		Debug|Any CPU = Debug|Any CPU
		Release|Any CPU = Release|Any CPU
	EndGlobalSection
	GlobalSection(ProjectConfigurationPlatforms) = postSolution
		{DD6F5EFB-F25C-47A1-9A32-D8F127C9BB08}.Debug|Any CPU.ActiveCfg = Debug|Any CPU
		{DD6F5EFB-F25C-47A1-9A32-D8F127C9BB08}.Debug|Any CPU.Build.0 = Debug|Any CPU
		{DD6F5EFB-F25C-47A1-9A32-D8F127C9BB08}.Release|Any CPU.ActiveCfg = Release|Any CPU
		{DD6F5EFB-F25C-47A1-9A32-D8F127C9BB08}.Release|Any CPU.Build.0 = Release|Any CPU
	EndGlobalSection
	GlobalSection(SolutionProperties) = preSolution
		HideSolutionNode = FALSE
	EndGlobalSection
	GlobalSection(ExtensibilityGlobals) = postSolution
		SolutionGuid = {87E86D56-28AC-4F43-9499-9EDF7831877C}
	EndGlobalSection
EndGlobal
