Microsoft Visual Studio Solution File, Format Version 12.00
# Visual Studio Version 17
VisualStudioVersion = 17.4.33213.308
MinimumVisualStudioVersion = 10.0.40219.1
Project("{9A19103F-16F7-4668-BE54-9A1E7A4F7556}") = "easy_save.Cmd", "easy_save.Cmd\easy_save.Cmd.csproj", "{7109F2F0-4C2F-4152-A8F6-70CA5E4ACC16}"
EndProject
Project("{9A19103F-16F7-4668-BE54-9A1E7A4F7556}") = "easy_save.Lib", "easy_save.Lib\easy_save.Lib.csproj", "{75C2039E-C19D-4EAB-853D-20AFE0DF4FD0}"
EndProject
Global
	GlobalSection(SolutionConfigurationPlatforms) = preSolution
		Debug|Any CPU = Debug|Any CPU
		Release|Any CPU = Release|Any CPU
	EndGlobalSection
	GlobalSection(ProjectConfigurationPlatforms) = postSolution
		{7109F2F0-4C2F-4152-A8F6-70CA5E4ACC16}.Debug|Any CPU.ActiveCfg = Debug|Any CPU
		{7109F2F0-4C2F-4152-A8F6-70CA5E4ACC16}.Debug|Any CPU.Build.0 = Debug|Any CPU
		{7109F2F0-4C2F-4152-A8F6-70CA5E4ACC16}.Release|Any CPU.ActiveCfg = Release|Any CPU
		{7109F2F0-4C2F-4152-A8F6-70CA5E4ACC16}.Release|Any CPU.Build.0 = Release|Any CPU
		{75C2039E-C19D-4EAB-853D-20AFE0DF4FD0}.Debug|Any CPU.ActiveCfg = Debug|Any CPU
		{75C2039E-C19D-4EAB-853D-20AFE0DF4FD0}.Debug|Any CPU.Build.0 = Debug|Any CPU
		{75C2039E-C19D-4EAB-853D-20AFE0DF4FD0}.Release|Any CPU.ActiveCfg = Release|Any CPU
		{75C2039E-C19D-4EAB-853D-20AFE0DF4FD0}.Release|Any CPU.Build.0 = Release|Any CPU
	EndGlobalSection
	GlobalSection(SolutionProperties) = preSolution
		HideSolutionNode = FALSE
	EndGlobalSection
	GlobalSection(ExtensibilityGlobals) = postSolution
		SolutionGuid = {87E86D56-28AC-4F43-9499-9EDF7831877C}
	EndGlobalSection
EndGlobal
