Microsoft Visual Studio Solution File, Format Version 12.00
# Visual Studio Version 17
VisualStudioVersion = 17.4.33213.308
MinimumVisualStudioVersion = 10.0.40219.1
Project("{9A19103F-16F7-4668-BE54-9A1E7A4F7556}") = "RemoteEasySave.Lib", "RemoteEasySave.Service\RemoteEasySave.Lib.csproj", "{A623E930-0A51-44C2-8A6E-892DF7F42164}"
EndProject
Project("{9A19103F-16F7-4668-BE54-9A1E7A4F7556}") = "RemoteEasySave.Desktop", "RemoteEasySave\RemoteEasySave.Desktop.csproj", "{D3B8267A-5420-493F-B137-DBE7FCFB6F53}"
EndProject
Global
	GlobalSection(SolutionConfigurationPlatforms) = preSolution
		Debug|Any CPU = Debug|Any CPU
		Release|Any CPU = Release|Any CPU
	EndGlobalSection
	GlobalSection(ProjectConfigurationPlatforms) = postSolution
		{A623E930-0A51-44C2-8A6E-892DF7F42164}.Debug|Any CPU.ActiveCfg = Debug|Any CPU
		{A623E930-0A51-44C2-8A6E-892DF7F42164}.Debug|Any CPU.Build.0 = Debug|Any CPU
		{A623E930-0A51-44C2-8A6E-892DF7F42164}.Release|Any CPU.ActiveCfg = Release|Any CPU
		{A623E930-0A51-44C2-8A6E-892DF7F42164}.Release|Any CPU.Build.0 = Release|Any CPU
		{D3B8267A-5420-493F-B137-DBE7FCFB6F53}.Debug|Any CPU.ActiveCfg = Debug|Any CPU
		{D3B8267A-5420-493F-B137-DBE7FCFB6F53}.Debug|Any CPU.Build.0 = Debug|Any CPU
		{D3B8267A-5420-493F-B137-DBE7FCFB6F53}.Release|Any CPU.ActiveCfg = Release|Any CPU
		{D3B8267A-5420-493F-B137-DBE7FCFB6F53}.Release|Any CPU.Build.0 = Release|Any CPU
	EndGlobalSection
	GlobalSection(SolutionProperties) = preSolution
		HideSolutionNode = FALSE
	EndGlobalSection
	GlobalSection(ExtensibilityGlobals) = postSolution
		SolutionGuid = {87E86D56-28AC-4F43-9499-9EDF7831877C}
	EndGlobalSection
EndGlobal
